
Microsoft Visual Studio Solution File, Format Version 12.00
# Visual Studio Version 17
VisualStudioVersion = 17.9.34728.123
MinimumVisualStudioVersion = 10.0.40219.1
Project("{FAE04EC0-301F-11D3-BF4B-00C04F79EFBC}") = "UrlShortener", "UrlShortener\UrlShortener.csproj", "{5F4A9557-4812-4A8A-A987-106314592B86}"
EndProject
Project("{E53339B2-1760-4266-BCC7-CA923CBCF16C}") = "docker-compose", "docker-compose.dcproj", "{71C77440-F8A4-4498-AF95-A9CE8D8E215D}"
EndProject
Global
	GlobalSection(SolutionConfigurationPlatforms) = preSolution
		Debug|Any CPU = Debug|Any CPU
		Release|Any CPU = Release|Any CPU
	EndGlobalSection
	GlobalSection(ProjectConfigurationPlatforms) = postSolution
		{5F4A9557-4812-4A8A-A987-106314592B86}.Debug|Any CPU.ActiveCfg = Debug|Any CPU
		{5F4A9557-4812-4A8A-A987-106314592B86}.Debug|Any CPU.Build.0 = Debug|Any CPU
		{5F4A9557-4812-4A8A-A987-106314592B86}.Release|Any CPU.ActiveCfg = Release|Any CPU
		{5F4A9557-4812-4A8A-A987-106314592B86}.Release|Any CPU.Build.0 = Release|Any CPU
		{71C77440-F8A4-4498-AF95-A9CE8D8E215D}.Debug|Any CPU.ActiveCfg = Debug|Any CPU
		{71C77440-F8A4-4498-AF95-A9CE8D8E215D}.Debug|Any CPU.Build.0 = Debug|Any CPU
		{71C77440-F8A4-4498-AF95-A9CE8D8E215D}.Release|Any CPU.ActiveCfg = Release|Any CPU
		{71C77440-F8A4-4498-AF95-A9CE8D8E215D}.Release|Any CPU.Build.0 = Release|Any CPU
	EndGlobalSection
	GlobalSection(SolutionProperties) = preSolution
		HideSolutionNode = FALSE
	EndGlobalSection
	GlobalSection(ExtensibilityGlobals) = postSolution
		SolutionGuid = {4880DE76-5EF0-4612-9B8A-E0490350D5E8}
	EndGlobalSection
EndGlobal
